version = 1
revision = 3
requires-python = ">=3.12, <3.15"

[[package]]
name = "cmakelang"
version = "0.6.13"
source = { registry = "https://pypi.org/simple" }
dependencies = [
    { name = "six" },
]
sdist = { url = "https://files.pythonhosted.org/packages/74/c0/75d4806cf21dcb4198e9fba02f4d2fa61c8db919b7db788862d9cd5f4433/cmakelang-0.6.13.tar.gz", hash = "sha256:03982e87b00654d024d73ef972d9d9bb0e5726cdb6b8a424a15661fb6278e67f", size = 123111, upload-time = "2020-08-19T17:15:25.44Z" }
wheels = [
    { url = "https://files.pythonhosted.org/packages/86/a8/c4676cac062d133c6b909d7def80a3194162597968953a3291b309878721/cmakelang-0.6.13-py3-none-any.whl", hash = "sha256:764b9467195c7c36453d60a829f30229720d26c7dffd41cb516b99bd9c7daf4e", size = 159803, upload-time = "2020-08-19T17:15:23.981Z" },
]

[[package]]
name = "cppcheck"
version = "1.5.1"
source = { registry = "https://pypi.org/simple" }
dependencies = [
    { name = "importlib-metadata" },
]
sdist = { url = "https://files.pythonhosted.org/packages/9f/99/44221d5ef868b4ff2d6333fe79aaed566e62645d362e15e0bdc17dd88057/cppcheck-1.5.1.tar.gz", hash = "sha256:143e273900e35fff65396e33253f13c342df55473fe097ca1673ed3cd72b98eb", size = 36283, upload-time = "2025-04-18T05:30:40.064Z" }
wheels = [
    { url = "https://files.pythonhosted.org/packages/b5/04/4265922dd083da7e1002ca6fa08c0f8052aadd26dc7642ad74dcb9ca21f5/cppcheck-1.5.1-py3-none-macosx_10_9_x86_64.whl", hash = "sha256:34da2499a21ab1c7fa1934d716ce61b994d6acdce5fbfc415bf2b5b7855b6c46", size = 3168504, upload-time = "2025-04-18T05:30:15.241Z" },
    { url = "https://files.pythonhosted.org/packages/14/57/cd6d373dafc839e1bd0a77404adee971513ea098bfc1822a7b67ccc6060d/cppcheck-1.5.1-py3-none-macosx_11_0_arm64.whl", hash = "sha256:c45a1ca07a51a937f78e1d711f5104416634649afca4378f5cb5e9470a7ab969", size = 3059051, upload-time = "2025-04-18T05:30:17.193Z" },
    { url = "https://files.pythonhosted.org/packages/d5/1c/740d14f9b55e0cfad958d3555117c1d16b58b27bdaee406f633de13bd2c3/cppcheck-1.5.1-py3-none-manylinux_2_17_aarch64.manylinux2014_aarch64.whl", hash = "sha256:4ea5c2933d22df1a2ddccabbe0b071a12b9b14f07dc5d448beee4270e2049547", size = 3027427, upload-time = "2025-04-18T05:30:18.406Z" },
    { url = "https://files.pythonhosted.org/packages/04/56/ef686941c7668eaf959f72eda8304ef12f413f166b62bb2ccea92454c446/cppcheck-1.5.1-py3-none-manylinux_2_17_i686.manylinux2014_i686.whl", hash = "sha256:2d6436afd5e1766c2070fda158af4f64639845e348d8a75740a2fb77d1dbfc54", size = 3320719, upload-time = "2025-04-18T05:30:19.984Z" },
    { url = "https://files.pythonhosted.org/packages/93/f3/0bd3b54fbd769433e87ac221f10df24a8be508605414351b901ab6ef9341/cppcheck-1.5.1-py3-none-manylinux_2_17_ppc64le.manylinux2014_ppc64le.whl", hash = "sha256:86ab2169cabf96794cf48a59ed090105f6343499c81c21f1bd607a491f57a89e", size = 3320415, upload-time = "2025-04-18T05:30:21.984Z" },
    { url = "https://files.pythonhosted.org/packages/0f/1a/06d1aa879bb223e183522d92c022e30710cadc151c841b063fdc8038e964/cppcheck-1.5.1-py3-none-manylinux_2_17_s390x.manylinux2014_s390x.whl", hash = "sha256:a7c90a6b874bcb4a41568c20d786ce2ba49ec541505c1876999ca6548e4f3f52", size = 2945737, upload-time = "2025-04-18T05:30:23.637Z" },
    { url = "https://files.pythonhosted.org/packages/44/55/c3da11e6835721c92923a0f995b3bcede20daa9fd8df1462f863ae9b6a64/cppcheck-1.5.1-py3-none-manylinux_2_17_x86_64.manylinux2014_x86_64.whl", hash = "sha256:ca87f5ed64386a40aaf156f295eac4efa6a7a819dd0415eb2d11577572e89405", size = 3136477, upload-time = "2025-04-18T05:30:25.279Z" },
    { url = "https://files.pythonhosted.org/packages/fe/bf/36bac23318403cf77cc743a15604f8153e818c366480cbdbf12080888637/cppcheck-1.5.1-py3-none-manylinux_2_31_armv7l.whl", hash = "sha256:81e79343e66bc7344d970b5f0d9a3ecafa6c5d5f7058e618e388462141c08e46", size = 2944184, upload-time = "2025-04-18T05:30:26.434Z" },
    { url = "https://files.pythonhosted.org/packages/7f/4a/488ccf07426be9fa0f54a3f5eed0762ebe9b7e692e21ade5a7578d987233/cppcheck-1.5.1-py3-none-musllinux_1_2_aarch64.whl", hash = "sha256:716a05569620c936acc7b2e48111d147a9d509bebc0078e926f65f5bf5f83865", size = 4216110, upload-time = "2025-04-18T05:30:27.633Z" },
    { url = "https://files.pythonhosted.org/packages/b4/ad/fbfb7a965d5cf862b40829017668c28fb358da41bde895d99fdfe61d289f/cppcheck-1.5.1-py3-none-musllinux_1_2_armv7l.whl", hash = "sha256:658d65d7842ea627241fd63f5f6dbbbc95f9f895444a8fafdc1322d6e391deab", size = 3900429, upload-time = "2025-04-18T05:30:29.395Z" },
    { url = "https://files.pythonhosted.org/packages/6c/74/01038bc7a6a64a845364e3ede7a66af5e08e197abbd6ed592d74cb23ac36/cppcheck-1.5.1-py3-none-musllinux_1_2_i686.whl", hash = "sha256:f9ac419167f2ca99b3ebd01c5777f22e06ef5ed29e26af6b0bb3060055ea3ae0", size = 4892684, upload-time = "2025-04-18T05:30:31.041Z" },
    { url = "https://files.pythonhosted.org/packages/13/62/35192d3971a5d15cfe991e3c4ae5a20db4a7ba064ea9805359635c06dff2/cppcheck-1.5.1-py3-none-musllinux_1_2_ppc64le.whl", hash = "sha256:fad05036ce457f889d9b841c0effec6aaf63634097dc8d654399ef768e2c12ea", size = 4692566, upload-time = "2025-04-18T05:30:32.299Z" },
    { url = "https://files.pythonhosted.org/packages/3d/5d/2b320e16b672e6c8a6055de2bce7f59be51bb23cb8bfbea473b121af14c3/cppcheck-1.5.1-py3-none-musllinux_1_2_s390x.whl", hash = "sha256:ded3f6b7ef0b0d71659fb653c14f3808e12cfdbe29f6bd601d29b8d2349ba47f", size = 4563106, upload-time = "2025-04-18T05:30:34.071Z" },
    { url = "https://files.pythonhosted.org/packages/32/a3/760145a26ca282ec3151e9b5be28a0598459fd389c8bc6385ca628f086f9/cppcheck-1.5.1-py3-none-musllinux_1_2_x86_64.whl", hash = "sha256:907d3ad5a8dabc7f73ec6e5b071f873e02044368459f1c585e5bc2067a8cce2a", size = 4545920, upload-time = "2025-04-18T05:30:35.297Z" },
    { url = "https://files.pythonhosted.org/packages/d8/f1/d46f09402e76ac878a6e458008cb9729bbe6cb2733c8f1b0c480aa15f5bb/cppcheck-1.5.1-py3-none-win32.whl", hash = "sha256:8f4733aee0dda4009725caf7592a7843fc022d043381f26de85584de84e7de29", size = 2491577, upload-time = "2025-04-18T05:30:36.419Z" },
    { url = "https://files.pythonhosted.org/packages/d0/3f/603d9db83b20fb170345483400cd1871df1bb31338af2288e49a7b431267/cppcheck-1.5.1-py3-none-win_amd64.whl", hash = "sha256:00678b255018773a3c70a106bf2112a21e05d29b2325102ea417f495944ecce9", size = 2725180, upload-time = "2025-04-18T05:30:37.491Z" },
    { url = "https://files.pythonhosted.org/packages/c5/69/a6eb66788ccc03c58f277b59c851b38485f0cf0fb1c9995680d8dc99d5b2/cppcheck-1.5.1-py3-none-win_arm64.whl", hash = "sha256:abb8265e3f692c1734db048d8df6fc380b4bbbbd0bd3f4697dbbc7a484181467", size = 2608967, upload-time = "2025-04-18T05:30:39.062Z" },
]

[[package]]
name = "importlib-metadata"
version = "9.0.1"
source = { registry = "https://pypi.org/simple" }
dependencies = [
    { name = "zipp" },
]
sdist = { url = "https://files.pythonhosted.org/packages/6f/7e/1e7e8dc30634b93ebb3d58a3dea569ad146e656218d3960ab04f62047b29/importlib_metadata-9.0.1.tar.gz", hash = "sha256:ab830580bc0ef3db61ce8fae716389e5462b67e033018bab6d8f80ef17172f99", size = 59124, upload-time = "2026-08-28T15:30:34.646Z" }
wheels = [
    { url = "https://files.pythonhosted.org/packages/b3/55/ecca97ae19075f1fac62def77731e7f535e6c1fb8f92ff08160c5e6dade8/importlib_metadata-9.0.1-py3-none-any.whl", hash = "sha256:bba5600596a7e21f3eef53281cf28d6a5195634d2f2b78ff9501a3272c6eaab0", size = 27920, upload-time = "2026-08-28T15:30:33.433Z" },
]

[[package]]
name = "panta-tooling"
version = "0.1.0"
source = { virtual = "." }

[package.dev-dependencies]
dev = [
    { name = "cmakelang" },
    { name = "cppcheck" },
]

[package.metadata]

[package.metadata.requires-dev]
dev = [
    { name = "cmakelang", specifier = "==0.6.13" },
    { name = "cppcheck", specifier = "==1.5.1" },
]

[[package]]
name = "six"
version = "1.17.0"
source = { registry = "https://pypi.org/simple" }
sdist = { url = "https://files.pythonhosted.org/packages/94/e7/b2c673351809dca68a0e064b6af791aa332cf192da575fd474ed7d6f16a2/six-1.17.0.tar.gz", hash = "sha256:ff70335d468e7eb6ec65b95b99d3a2836546063f63acc5171de367e834932a81", size = 34031, upload-time = "2024-12-04T17:35:28.174Z" }
wheels = [
    { url = "https://files.pythonhosted.org/packages/b7/ce/149a00dd41f10bc29e5921b496af8b574d8413afcd5e30dfa0ed46c2cc5e/six-1.17.0-py2.py3-none-any.whl", hash = "sha256:4721f391ed90541fddacab5acf947aa0d3dc7d27b2e1e8eda2be8970586c3274", size = 11050, upload-time = "2024-12-04T17:35:26.475Z" },
]

[[package]]
name = "zipp"
version = "4.1.0"
source = { registry = "https://pypi.org/simple" }
sdist = { url = "https://files.pythonhosted.org/packages/b9/d8/eab98a517c14134c0b2eb4e2387bc5f457334293ec5d2dd3857ec2966802/zipp-4.1.0.tar.gz", hash = "sha256:4cb57381f544315db7688e976e922a2b18cdb513d21cc194eb42232ba2a3e602", size = 26214, upload-time = "2026-05-18T20:08:57.967Z" }
wheels = [
    { url = "https://files.pythonhosted.org/packages/3a/13/547360d81e6d88d58492968ffda9f9542854f11310ee556fef14260cc886/zipp-4.1.0-py3-none-any.whl", hash = "sha256:25ad4e16390cd314347dd8f1de67a2ac538ae658ed4ab9db16029c07c188e97f", size = 10238, upload-time = "2026-05-18T20:08:57.045Z" },
]
